// !$*UTF8*$!
{
	archiveVersion = 1;
	classes = {
	};
	objectVersion = 56;
	objects = {

/* Begin PBXBuildFile section */
		431CE73A2B621EEC0062460D /* GamePageView.swift in Sources */ = {isa = PBXBuildFile; fileRef = 431CE7392B621EEC0062460D /* GamePageView.swift */; };
		43898D4B2B60BAED0051F98B /* My2048GameApp.swift in Sources */ = {isa = PBXBuildFile; fileRef = 43898D4A2B60BAED0051F98B /* My2048GameApp.swift */; };
		43898D4F2B60BAED0051F98B /* Item.swift in Sources */ = {isa = PBXBuildFile; fileRef = 43898D4E2B60BAED0051F98B /* Item.swift */; };
		43898D512B60BAEE0051F98B /* Assets.xcassets in Resources */ = {isa = PBXBuildFile; fileRef = 43898D502B60BAEE0051F98B /* Assets.xcassets */; };
		43898D542B60BAEE0051F98B /* Preview Assets.xcassets in Resources */ = {isa = PBXBuildFile; fileRef = 43898D532B60BAEE0051F98B /* Preview Assets.xcassets */; };
		43898D5E2B60BAEF0051F98B /* My2048GameTests.swift in Sources */ = {isa = PBXBuildFile; fileRef = 43898D5D2B60BAEF0051F98B /* My2048GameTests.swift */; };
		43898D682B60BAEF0051F98B /* My2048GameUITests.swift in Sources */ = {isa = PBXBuildFile; fileRef = 43898D672B60BAEF0051F98B /* My2048GameUITests.swift */; };
		43898D6A2B60BAEF0051F98B /* My2048GameUITestsLaunchTests.swift in Sources */ = {isa = PBXBuildFile; fileRef = 43898D692B60BAEF0051F98B /* My2048GameUITestsLaunchTests.swift */; };
		43898D772B60BBD20051F98B /* Game.swift in Sources */ = {isa = PBXBuildFile; fileRef = 43898D762B60BBD20051F98B /* Game.swift */; };
		43898D792B60BBF80051F98B /* GameStatus.swift in Sources */ = {isa = PBXBuildFile; fileRef = 43898D782B60BBF80051F98B /* GameStatus.swift */; };
		43898D7B2B60BD030051F98B /* GameMode.swift in Sources */ = {isa = PBXBuildFile; fileRef = 43898D7A2B60BD030051F98B /* GameMode.swift */; };
		43898D7D2B60C1810051F98B /* Time.swift in Sources */ = {isa = PBXBuildFile; fileRef = 43898D7C2B60C1810051F98B /* Time.swift */; };
		43898D7F2B60DFA10051F98B /* IndexView.swift in Sources */ = {isa = PBXBuildFile; fileRef = 43898D7E2B60DFA10051F98B /* IndexView.swift */; };
/* End PBXBuildFile section */

/* Begin PBXContainerItemProxy section */
		43898D5A2B60BAEF0051F98B /* PBXContainerItemProxy */ = {
			isa = PBXContainerItemProxy;
			containerPortal = 43898D3F2B60BAEC0051F98B /* Project object */;
			proxyType = 1;
			remoteGlobalIDString = 43898D462B60BAED0051F98B;
			remoteInfo = My2048Game;
		};
		43898D642B60BAEF0051F98B /* PBXContainerItemProxy */ = {
			isa = PBXContainerItemProxy;
			containerPortal = 43898D3F2B60BAEC0051F98B /* Project object */;
			proxyType = 1;
			remoteGlobalIDString = 43898D462B60BAED0051F98B;
			remoteInfo = My2048Game;
		};
/* End PBXContainerItemProxy section */

/* Begin PBXFileReference section */
		431CE7392B621EEC0062460D /* GamePageView.swift */ = {isa = PBXFileReference; lastKnownFileType = sourcecode.swift; path = GamePageView.swift; sourceTree = "<group>"; };
		43898D472B60BAED0051F98B /* My2048Game.app */ = {isa = PBXFileReference; explicitFileType = wrapper.application; includeInIndex = 0; path = My2048Game.app; sourceTree = BUILT_PRODUCTS_DIR; };
		43898D4A2B60BAED0051F98B /* My2048GameApp.swift */ = {isa = PBXFileReference; lastKnownFileType = sourcecode.swift; path = My2048GameApp.swift; sourceTree = "<group>"; };
		43898D4E2B60BAED0051F98B /* Item.swift */ = {isa = PBXFileReference; lastKnownFileType = sourcecode.swift; path = Item.swift; sourceTree = "<group>"; };
		43898D502B60BAEE0051F98B /* Assets.xcassets */ = {isa = PBXFileReference; lastKnownFileType = folder.assetcatalog; path = Assets.xcassets; sourceTree = "<group>"; };
		43898D532B60BAEE0051F98B /* Preview Assets.xcassets */ = {isa = PBXFileReference; lastKnownFileType = folder.assetcatalog; path = "Preview Assets.xcassets"; sourceTree = "<group>"; };
		43898D592B60BAEF0051F98B /* My2048GameTests.xctest */ = {isa = PBXFileReference; explicitFileType = wrapper.cfbundle; includeInIndex = 0; path = My2048GameTests.xctest; sourceTree = BUILT_PRODUCTS_DIR; };
		43898D5D2B60BAEF0051F98B /* My2048GameTests.swift */ = {isa = PBXFileReference; lastKnownFileType = sourcecode.swift; path = My2048GameTests.swift; sourceTree = "<group>"; };
		43898D632B60BAEF0051F98B /* My2048GameUITests.xctest */ = {isa = PBXFileReference; explicitFileType = wrapper.cfbundle; includeInIndex = 0; path = My2048GameUITests.xctest; sourceTree = BUILT_PRODUCTS_DIR; };
		43898D672B60BAEF0051F98B /* My2048GameUITests.swift */ = {isa = PBXFileReference; lastKnownFileType = sourcecode.swift; path = My2048GameUITests.swift; sourceTree = "<group>"; };
		43898D692B60BAEF0051F98B /* My2048GameUITestsLaunchTests.swift */ = {isa = PBXFileReference; lastKnownFileType = sourcecode.swift; path = My2048GameUITestsLaunchTests.swift; sourceTree = "<group>"; };
		43898D762B60BBD20051F98B /* Game.swift */ = {isa = PBXFileReference; lastKnownFileType = sourcecode.swift; path = Game.swift; sourceTree = "<group>"; };
		43898D782B60BBF80051F98B /* GameStatus.swift */ = {isa = PBXFileReference; lastKnownFileType = sourcecode.swift; path = GameStatus.swift; sourceTree = "<group>"; };
		43898D7A2B60BD030051F98B /* GameMode.swift */ = {isa = PBXFileReference; lastKnownFileType = sourcecode.swift; path = GameMode.swift; sourceTree = "<group>"; };
		43898D7C2B60C1810051F98B /* Time.swift */ = {isa = PBXFileReference; lastKnownFileType = sourcecode.swift; path = Time.swift; sourceTree = "<group>"; };
		43898D7E2B60DFA10051F98B /* IndexView.swift */ = {isa = PBXFileReference; lastKnownFileType = sourcecode.swift; path = IndexView.swift; sourceTree = "<group>"; };
/* End PBXFileReference section */

/* Begin PBXFrameworksBuildPhase section */
		43898D442B60BAED0051F98B /* Frameworks */ = {
			isa = PBXFrameworksBuildPhase;
			buildActionMask = 2147483647;
			files = (
			);
			runOnlyForDeploymentPostprocessing = 0;
		};
		43898D562B60BAEF0051F98B /* Frameworks */ = {
			isa = PBXFrameworksBuildPhase;
			buildActionMask = 2147483647;
			files = (
			);
			runOnlyForDeploymentPostprocessing = 0;
		};
		43898D602B60BAEF0051F98B /* Frameworks */ = {
			isa = PBXFrameworksBuildPhase;
			buildActionMask = 2147483647;
			files = (
			);
			runOnlyForDeploymentPostprocessing = 0;
		};
/* End PBXFrameworksBuildPhase section */

/* Begin PBXGroup section */
		43898D3E2B60BAEC0051F98B = {
			isa = PBXGroup;
			children = (
				43898D492B60BAED0051F98B /* My2048Game */,
				43898D5C2B60BAEF0051F98B /* My2048GameTests */,
				43898D662B60BAEF0051F98B /* My2048GameUITests */,
				43898D482B60BAED0051F98B /* Products */,
			);
			sourceTree = "<group>";
		};
		43898D482B60BAED0051F98B /* Products */ = {
			isa = PBXGroup;
			children = (
				43898D472B60BAED0051F98B /* My2048Game.app */,
				43898D592B60BAEF0051F98B /* My2048GameTests.xctest */,
				43898D632B60BAEF0051F98B /* My2048GameUITests.xctest */,
			);
			name = Products;
			sourceTree = "<group>";
		};
		43898D492B60BAED0051F98B /* My2048Game */ = {
			isa = PBXGroup;
			children = (
				43898D762B60BBD20051F98B /* Game.swift */,
				43898D7A2B60BD030051F98B /* GameMode.swift */,
				431CE7392B621EEC0062460D /* GamePageView.swift */,
				43898D782B60BBF80051F98B /* GameStatus.swift */,
				43898D7E2B60DFA10051F98B /* IndexView.swift */,
				43898D4E2B60BAED0051F98B /* Item.swift */,
				43898D4A2B60BAED0051F98B /* My2048GameApp.swift */,
				43898D7C2B60C1810051F98B /* Time.swift */,
				43898D502B60BAEE0051F98B /* Assets.xcassets */,
				43898D522B60BAEE0051F98B /* Preview Content */,
			);
			path = My2048Game;
			sourceTree = "<group>";
		};
		43898D522B60BAEE0051F98B /* Preview Content */ = {
			isa = PBXGroup;
			children = (
				43898D532B60BAEE0051F98B /* Preview Assets.xcassets */,
			);
			path = "Preview Content";
			sourceTree = "<group>";
		};
		43898D5C2B60BAEF0051F98B /* My2048GameTests */ = {
			isa = PBXGroup;
			children = (
				43898D5D2B60BAEF0051F98B /* My2048GameTests.swift */,
			);
			path = My2048GameTests;
			sourceTree = "<group>";
		};
		43898D662B60BAEF0051F98B /* My2048GameUITests */ = {
			isa = PBXGroup;
			children = (
				43898D672B60BAEF0051F98B /* My2048GameUITests.swift */,
				43898D692B60BAEF0051F98B /* My2048GameUITestsLaunchTests.swift */,
			);
			path = My2048GameUITests;
			sourceTree = "<group>";
		};
/* End PBXGroup section */

/* Begin PBXNativeTarget section */
		43898D462B60BAED0051F98B /* My2048Game */ = {
			isa = PBXNativeTarget;
			buildConfigurationList = 43898D6D2B60BAEF0051F98B /* Build configuration list for PBXNativeTarget "My2048Game" */;
			buildPhases = (
				43898D432B60BAED0051F98B /* Sources */,
				43898D442B60BAED0051F98B /* Frameworks */,
				43898D452B60BAED0051F98B /* Resources */,
			);
			buildRules = (
			);
			dependencies = (
			);
			name = My2048Game;
			productName = My2048Game;
			productReference = 43898D472B60BAED0051F98B /* My2048Game.app */;
			productType = "com.apple.product-type.application";
		};
		43898D582B60BAEF0051F98B /* My2048GameTests */ = {
			isa = PBXNativeTarget;
			buildConfigurationList = 43898D702B60BAEF0051F98B /* Build configuration list for PBXNativeTarget "My2048GameTests" */;
			buildPhases = (
				43898D552B60BAEF0051F98B /* Sources */,
				43898D562B60BAEF0051F98B /* Frameworks */,
				43898D572B60BAEF0051F98B /* Resources */,
			);
			buildRules = (
			);
			dependencies = (
				43898D5B2B60BAEF0051F98B /* PBXTargetDependency */,
			);
			name = My2048GameTests;
			productName = My2048GameTests;
			productReference = 43898D592B60BAEF0051F98B /* My2048GameTests.xctest */;
			productType = "com.apple.product-type.bundle.unit-test";
		};
		43898D622B60BAEF0051F98B /* My2048GameUITests */ = {
			isa = PBXNativeTarget;
			buildConfigurationList = 43898D732B60BAEF0051F98B /* Build configuration list for PBXNativeTarget "My2048GameUITests" */;
			buildPhases = (
				43898D5F2B60BAEF0051F98B /* Sources */,
				43898D602B60BAEF0051F98B /* Frameworks */,
				43898D612B60BAEF0051F98B /* Resources */,
			);
			buildRules = (
			);
			dependencies = (
				43898D652B60BAEF0051F98B /* PBXTargetDependency */,
			);
			name = My2048GameUITests;
			productName = My2048GameUITests;
			productReference = 43898D632B60BAEF0051F98B /* My2048GameUITests.xctest */;
			productType = "com.apple.product-type.bundle.ui-testing";
		};
/* End PBXNativeTarget section */

/* Begin PBXProject section */
		43898D3F2B60BAEC0051F98B /* Project object */ = {
			isa = PBXProject;
			attributes = {
				BuildIndependentTargetsInParallel = 1;
				LastSwiftUpdateCheck = 1520;
				LastUpgradeCheck = 1520;
				TargetAttributes = {
					43898D462B60BAED0051F98B = {
						CreatedOnToolsVersion = 15.2;
					};
					43898D582B60BAEF0051F98B = {
						CreatedOnToolsVersion = 15.2;
						TestTargetID = 43898D462B60BAED0051F98B;
					};
					43898D622B60BAEF0051F98B = {
						CreatedOnToolsVersion = 15.2;
						TestTargetID = 43898D462B60BAED0051F98B;
					};
				};
			};
			buildConfigurationList = 43898D422B60BAEC0051F98B /* Build configuration list for PBXProject "My2048Game" */;
			compatibilityVersion = "Xcode 14.0";
			developmentRegion = en;
			hasScannedForEncodings = 0;
			knownRegions = (
				en,
				Base,
			);
			mainGroup = 43898D3E2B60BAEC0051F98B;
			productRefGroup = 43898D482B60BAED0051F98B /* Products */;
			projectDirPath = "";
			projectRoot = "";
			targets = (
				43898D462B60BAED0051F98B /* My2048Game */,
				43898D582B60BAEF0051F98B /* My2048GameTests */,
				43898D622B60BAEF0051F98B /* My2048GameUITests */,
			);
		};
/* End PBXProject section */

/* Begin PBXResourcesBuildPhase section */
		43898D452B60BAED0051F98B /* Resources */ = {
			isa = PBXResourcesBuildPhase;
			buildActionMask = 2147483647;
			files = (
				43898D542B60BAEE0051F98B /* Preview Assets.xcassets in Resources */,
				43898D512B60BAEE0051F98B /* Assets.xcassets in Resources */,
			);
			runOnlyForDeploymentPostprocessing = 0;
		};
		43898D572B60BAEF0051F98B /* Resources */ = {
			isa = PBXResourcesBuildPhase;
			buildActionMask = 2147483647;
			files = (
			);
			runOnlyForDeploymentPostprocessing = 0;
		};
		43898D612B60BAEF0051F98B /* Resources */ = {
			isa = PBXResourcesBuildPhase;
			buildActionMask = 2147483647;
			files = (
			);
			runOnlyForDeploymentPostprocessing = 0;
		};
/* End PBXResourcesBuildPhase section */

/* Begin PBXSourcesBuildPhase section */
		43898D432B60BAED0051F98B /* Sources */ = {
			isa = PBXSourcesBuildPhase;
			buildActionMask = 2147483647;
			files = (
				43898D7F2B60DFA10051F98B /* IndexView.swift in Sources */,
				43898D4F2B60BAED0051F98B /* Item.swift in Sources */,
				43898D7D2B60C1810051F98B /* Time.swift in Sources */,
				43898D7B2B60BD030051F98B /* GameMode.swift in Sources */,
				43898D792B60BBF80051F98B /* GameStatus.swift in Sources */,
				43898D4B2B60BAED0051F98B /* My2048GameApp.swift in Sources */,
				43898D772B60BBD20051F98B /* Game.swift in Sources */,
				431CE73A2B621EEC0062460D /* GamePageView.swift in Sources */,
			);
			runOnlyForDeploymentPostprocessing = 0;
		};
		43898D552B60BAEF0051F98B /* Sources */ = {
			isa = PBXSourcesBuildPhase;
			buildActionMask = 2147483647;
			files = (
				43898D5E2B60BAEF0051F98B /* My2048GameTests.swift in Sources */,
			);
			runOnlyForDeploymentPostprocessing = 0;
		};
		43898D5F2B60BAEF0051F98B /* Sources */ = {
			isa = PBXSourcesBuildPhase;
			buildActionMask = 2147483647;
			files = (
				43898D6A2B60BAEF0051F98B /* My2048GameUITestsLaunchTests.swift in Sources */,
				43898D682B60BAEF0051F98B /* My2048GameUITests.swift in Sources */,
			);
			runOnlyForDeploymentPostprocessing = 0;
		};
/* End PBXSourcesBuildPhase section */

/* Begin PBXTargetDependency section */
		43898D5B2B60BAEF0051F98B /* PBXTargetDependency */ = {
			isa = PBXTargetDependency;
			target = 43898D462B60BAED0051F98B /* My2048Game */;
			targetProxy = 43898D5A2B60BAEF0051F98B /* PBXContainerItemProxy */;
		};
		43898D652B60BAEF0051F98B /* PBXTargetDependency */ = {
			isa = PBXTargetDependency;
			target = 43898D462B60BAED0051F98B /* My2048Game */;
			targetProxy = 43898D642B60BAEF0051F98B /* PBXContainerItemProxy */;
		};
/* End PBXTargetDependency section */

/* Begin XCBuildConfiguration section */
		43898D6B2B60BAEF0051F98B /* Debug */ = {
			isa = XCBuildConfiguration;
			buildSettings = {
				ALWAYS_SEARCH_USER_PATHS = NO;
				ASSETCATALOG_COMPILER_GENERATE_SWIFT_ASSET_SYMBOL_EXTENSIONS = YES;
				CLANG_ANALYZER_NONNULL = YES;
				CLANG_ANALYZER_NUMBER_OBJECT_CONVERSION = YES_AGGRESSIVE;
				CLANG_CXX_LANGUAGE_STANDARD = "gnu++20";
				CLANG_ENABLE_MODULES = YES;
				CLANG_ENABLE_OBJC_ARC = YES;
				CLANG_ENABLE_OBJC_WEAK = YES;
				CLANG_WARN_BLOCK_CAPTURE_AUTORELEASING = YES;
				CLANG_WARN_BOOL_CONVERSION = YES;
				CLANG_WARN_COMMA = YES;
				CLANG_WARN_CONSTANT_CONVERSION = YES;
				CLANG_WARN_DEPRECATED_OBJC_IMPLEMENTATIONS = YES;
				CLANG_WARN_DIRECT_OBJC_ISA_USAGE = YES_ERROR;
				CLANG_WARN_DOCUMENTATION_COMMENTS = YES;
				CLANG_WARN_EMPTY_BODY = YES;
				CLANG_WARN_ENUM_CONVERSION = YES;
				CLANG_WARN_INFINITE_RECURSION = YES;
				CLANG_WARN_INT_CONVERSION = YES;
				CLANG_WARN_NON_LITERAL_NULL_CONVERSION = YES;
				CLANG_WARN_OBJC_IMPLICIT_RETAIN_SELF = YES;
				CLANG_WARN_OBJC_LITERAL_CONVERSION = YES;
				CLANG_WARN_OBJC_ROOT_CLASS = YES_ERROR;
				CLANG_WARN_QUOTED_INCLUDE_IN_FRAMEWORK_HEADER = YES;
				CLANG_WARN_RANGE_LOOP_ANALYSIS = YES;
				CLANG_WARN_STRICT_PROTOTYPES = YES;
				CLANG_WARN_SUSPICIOUS_MOVE = YES;
				CLANG_WARN_UNGUARDED_AVAILABILITY = YES_AGGRESSIVE;
				CLANG_WARN_UNREACHABLE_CODE = YES;
				CLANG_WARN__DUPLICATE_METHOD_MATCH = YES;
				COPY_PHASE_STRIP = NO;
				DEBUG_INFORMATION_FORMAT = dwarf;
				ENABLE_STRICT_OBJC_MSGSEND = YES;
				ENABLE_TESTABILITY = YES;
				ENABLE_USER_SCRIPT_SANDBOXING = YES;
				GCC_C_LANGUAGE_STANDARD = gnu17;
				GCC_DYNAMIC_NO_PIC = NO;
				GCC_NO_COMMON_BLOCKS = YES;
				GCC_OPTIMIZATION_LEVEL = 0;
				GCC_PREPROCESSOR_DEFINITIONS = (
					"DEBUG=1",
					"$(inherited)",
				);
				GCC_WARN_64_TO_32_BIT_CONVERSION = YES;
				GCC_WARN_ABOUT_RETURN_TYPE = YES_ERROR;
				GCC_WARN_UNDECLARED_SELECTOR = YES;
				GCC_WARN_UNINITIALIZED_AUTOS = YES_AGGRESSIVE;
				GCC_WARN_UNUSED_FUNCTION = YES;
				GCC_WARN_UNUSED_VARIABLE = YES;
				IPHONEOS_DEPLOYMENT_TARGET = 17.2;
				LOCALIZATION_PREFERS_STRING_CATALOGS = YES;
				MTL_ENABLE_DEBUG_INFO = INCLUDE_SOURCE;
				MTL_FAST_MATH = YES;
				ONLY_ACTIVE_ARCH = YES;
				SDKROOT = iphoneos;
				SWIFT_ACTIVE_COMPILATION_CONDITIONS = "DEBUG $(inherited)";
				SWIFT_OPTIMIZATION_LEVEL = "-Onone";
			};
			name = Debug;
		};
		43898D6C2B60BAEF0051F98B /* Release */ = {
			isa = XCBuildConfiguration;
			buildSettings = {
				ALWAYS_SEARCH_USER_PATHS = NO;
				ASSETCATALOG_COMPILER_GENERATE_SWIFT_ASSET_SYMBOL_EXTENSIONS = YES;
				CLANG_ANALYZER_NONNULL = YES;
				CLANG_ANALYZER_NUMBER_OBJECT_CONVERSION = YES_AGGRESSIVE;
				CLANG_CXX_LANGUAGE_STANDARD = "gnu++20";
				CLANG_ENABLE_MODULES = YES;
				CLANG_ENABLE_OBJC_ARC = YES;
				CLANG_ENABLE_OBJC_WEAK = YES;
				CLANG_WARN_BLOCK_CAPTURE_AUTORELEASING = YES;
				CLANG_WARN_BOOL_CONVERSION = YES;
				CLANG_WARN_COMMA = YES;
				CLANG_WARN_CONSTANT_CONVERSION = YES;
				CLANG_WARN_DEPRECATED_OBJC_IMPLEMENTATIONS = YES;
				CLANG_WARN_DIRECT_OBJC_ISA_USAGE = YES_ERROR;
				CLANG_WARN_DOCUMENTATION_COMMENTS = YES;
				CLANG_WARN_EMPTY_BODY = YES;
				CLANG_WARN_ENUM_CONVERSION = YES;
				CLANG_WARN_INFINITE_RECURSION = YES;
				CLANG_WARN_INT_CONVERSION = YES;
				CLANG_WARN_NON_LITERAL_NULL_CONVERSION = YES;
				CLANG_WARN_OBJC_IMPLICIT_RETAIN_SELF = YES;
				CLANG_WARN_OBJC_LITERAL_CONVERSION = YES;
				CLANG_WARN_OBJC_ROOT_CLASS = YES_ERROR;
				CLANG_WARN_QUOTED_INCLUDE_IN_FRAMEWORK_HEADER = YES;
				CLANG_WARN_RANGE_LOOP_ANALYSIS = YES;
				CLANG_WARN_STRICT_PROTOTYPES = YES;
				CLANG_WARN_SUSPICIOUS_MOVE = YES;
				CLANG_WARN_UNGUARDED_AVAILABILITY = YES_AGGRESSIVE;
				CLANG_WARN_UNREACHABLE_CODE = YES;
				CLANG_WARN__DUPLICATE_METHOD_MATCH = YES;
				COPY_PHASE_STRIP = NO;
				DEBUG_INFORMATION_FORMAT = "dwarf-with-dsym";
				ENABLE_NS_ASSERTIONS = NO;
				ENABLE_STRICT_OBJC_MSGSEND = YES;
				ENABLE_USER_SCRIPT_SANDBOXING = YES;
				GCC_C_LANGUAGE_STANDARD = gnu17;
				GCC_NO_COMMON_BLOCKS = YES;
				GCC_WARN_64_TO_32_BIT_CONVERSION = YES;
				GCC_WARN_ABOUT_RETURN_TYPE = YES_ERROR;
				GCC_WARN_UNDECLARED_SELECTOR = YES;
				GCC_WARN_UNINITIALIZED_AUTOS = YES_AGGRESSIVE;
				GCC_WARN_UNUSED_FUNCTION = YES;
				GCC_WARN_UNUSED_VARIABLE = YES;
				IPHONEOS_DEPLOYMENT_TARGET = 17.2;
				LOCALIZATION_PREFERS_STRING_CATALOGS = YES;
				MTL_ENABLE_DEBUG_INFO = NO;
				MTL_FAST_MATH = YES;
				SDKROOT = iphoneos;
				SWIFT_COMPILATION_MODE = wholemodule;
				VALIDATE_PRODUCT = YES;
			};
			name = Release;
		};
		43898D6E2B60BAEF0051F98B /* Debug */ = {
			isa = XCBuildConfiguration;
			buildSettings = {
				ASSETCATALOG_COMPILER_APPICON_NAME = AppIcon;
				ASSETCATALOG_COMPILER_GLOBAL_ACCENT_COLOR_NAME = AccentColor;
				CODE_SIGN_STYLE = Automatic;
				CURRENT_PROJECT_VERSION = 1;
				DEVELOPMENT_ASSET_PATHS = "\"My2048Game/Preview Content\"";
				DEVELOPMENT_TEAM = TF5JV9W29K;
				ENABLE_PREVIEWS = YES;
				GENERATE_INFOPLIST_FILE = YES;
				INFOPLIST_KEY_UIApplicationSceneManifest_Generation = YES;
				INFOPLIST_KEY_UIApplicationSupportsIndirectInputEvents = YES;
				INFOPLIST_KEY_UILaunchScreen_Generation = YES;
				INFOPLIST_KEY_UISupportedInterfaceOrientations_iPad = "UIInterfaceOrientationPortrait UIInterfaceOrientationPortraitUpsideDown UIInterfaceOrientationLandscapeLeft UIInterfaceOrientationLandscapeRight";
				INFOPLIST_KEY_UISupportedInterfaceOrientations_iPhone = "UIInterfaceOrientationPortrait UIInterfaceOrientationLandscapeLeft UIInterfaceOrientationLandscapeRight";
				LD_RUNPATH_SEARCH_PATHS = (
					"$(inherited)",
					"@executable_path/Frameworks",
				);
				MARKETING_VERSION = 1.0;
				PRODUCT_BUNDLE_IDENTIFIER = com.myteam.My2048Game;
				PRODUCT_NAME = "$(TARGET_NAME)";
				SWIFT_EMIT_LOC_STRINGS = YES;
				SWIFT_VERSION = 5.0;
				TARGETED_DEVICE_FAMILY = "1,2";
			};
			name = Debug;
		};
		43898D6F2B60BAEF0051F98B /* Release */ = {
			isa = XCBuildConfiguration;
			buildSettings = {
				ASSETCATALOG_COMPILER_APPICON_NAME = AppIcon;
				ASSETCATALOG_COMPILER_GLOBAL_ACCENT_COLOR_NAME = AccentColor;
				CODE_SIGN_STYLE = Automatic;
				CURRENT_PROJECT_VERSION = 1;
				DEVELOPMENT_ASSET_PATHS = "\"My2048Game/Preview Content\"";
				DEVELOPMENT_TEAM = TF5JV9W29K;
				ENABLE_PREVIEWS = YES;
				GENERATE_INFOPLIST_FILE = YES;
				INFOPLIST_KEY_UIApplicationSceneManifest_Generation = YES;
				INFOPLIST_KEY_UIApplicationSupportsIndirectInputEvents = YES;
				INFOPLIST_KEY_UILaunchScreen_Generation = YES;
				INFOPLIST_KEY_UISupportedInterfaceOrientations_iPad = "UIInterfaceOrientationPortrait UIInterfaceOrientationPortraitUpsideDown UIInterfaceOrientationLandscapeLeft UIInterfaceOrientationLandscapeRight";
				INFOPLIST_KEY_UISupportedInterfaceOrientations_iPhone = "UIInterfaceOrientationPortrait UIInterfaceOrientationLandscapeLeft UIInterfaceOrientationLandscapeRight";
				LD_RUNPATH_SEARCH_PATHS = (
					"$(inherited)",
					"@executable_path/Frameworks",
				);
				MARKETING_VERSION = 1.0;
				PRODUCT_BUNDLE_IDENTIFIER = com.myteam.My2048Game;
				PRODUCT_NAME = "$(TARGET_NAME)";
				SWIFT_EMIT_LOC_STRINGS = YES;
				SWIFT_VERSION = 5.0;
				TARGETED_DEVICE_FAMILY = "1,2";
			};
			name = Release;
		};
		43898D712B60BAEF0051F98B /* Debug */ = {
			isa = XCBuildConfiguration;
			buildSettings = {
				ALWAYS_EMBED_SWIFT_STANDARD_LIBRARIES = YES;
				BUNDLE_LOADER = "$(TEST_HOST)";
				CODE_SIGN_STYLE = Automatic;
				CURRENT_PROJECT_VERSION = 1;
				DEVELOPMENT_TEAM = TF5JV9W29K;
				GENERATE_INFOPLIST_FILE = YES;
				IPHONEOS_DEPLOYMENT_TARGET = 17.2;
				MARKETING_VERSION = 1.0;
				PRODUCT_BUNDLE_IDENTIFIER = com.myteam.My2048GameTests;
				PRODUCT_NAME = "$(TARGET_NAME)";
				SWIFT_EMIT_LOC_STRINGS = NO;
				SWIFT_VERSION = 5.0;
				TARGETED_DEVICE_FAMILY = "1,2";
				TEST_HOST = "$(BUILT_PRODUCTS_DIR)/My2048Game.app/$(BUNDLE_EXECUTABLE_FOLDER_PATH)/My2048Game";
			};
			name = Debug;
		};
		43898D722B60BAEF0051F98B /* Release */ = {
			isa = XCBuildConfiguration;
			buildSettings = {
				ALWAYS_EMBED_SWIFT_STANDARD_LIBRARIES = YES;
				BUNDLE_LOADER = "$(TEST_HOST)";
				CODE_SIGN_STYLE = Automatic;
				CURRENT_PROJECT_VERSION = 1;
				DEVELOPMENT_TEAM = TF5JV9W29K;
				GENERATE_INFOPLIST_FILE = YES;
				IPHONEOS_DEPLOYMENT_TARGET = 17.2;
				MARKETING_VERSION = 1.0;
				PRODUCT_BUNDLE_IDENTIFIER = com.myteam.My2048GameTests;
				PRODUCT_NAME = "$(TARGET_NAME)";
				SWIFT_EMIT_LOC_STRINGS = NO;
				SWIFT_VERSION = 5.0;
				TARGETED_DEVICE_FAMILY = "1,2";
				TEST_HOST = "$(BUILT_PRODUCTS_DIR)/My2048Game.app/$(BUNDLE_EXECUTABLE_FOLDER_PATH)/My2048Game";
			};
			name = Release;
		};
		43898D742B60BAEF0051F98B /* Debug */ = {
			isa = XCBuildConfiguration;
			buildSettings = {
				ALWAYS_EMBED_SWIFT_STANDARD_LIBRARIES = YES;
				CODE_SIGN_STYLE = Automatic;
				CURRENT_PROJECT_VERSION = 1;
				DEVELOPMENT_TEAM = TF5JV9W29K;
				GENERATE_INFOPLIST_FILE = YES;
				MARKETING_VERSION = 1.0;
				PRODUCT_BUNDLE_IDENTIFIER = com.myteam.My2048GameUITests;
				PRODUCT_NAME = "$(TARGET_NAME)";
				SWIFT_EMIT_LOC_STRINGS = NO;
				SWIFT_VERSION = 5.0;
				TARGETED_DEVICE_FAMILY = "1,2";
				TEST_TARGET_NAME = My2048Game;
			};
			name = Debug;
		};
		43898D752B60BAEF0051F98B /* Release */ = {
			isa = XCBuildConfiguration;
			buildSettings = {
				ALWAYS_EMBED_SWIFT_STANDARD_LIBRARIES = YES;
				CODE_SIGN_STYLE = Automatic;
				CURRENT_PROJECT_VERSION = 1;
				DEVELOPMENT_TEAM = TF5JV9W29K;
				GENERATE_INFOPLIST_FILE = YES;
				MARKETING_VERSION = 1.0;
				PRODUCT_BUNDLE_IDENTIFIER = com.myteam.My2048GameUITests;
				PRODUCT_NAME = "$(TARGET_NAME)";
				SWIFT_EMIT_LOC_STRINGS = NO;
				SWIFT_VERSION = 5.0;
				TARGETED_DEVICE_FAMILY = "1,2";
				TEST_TARGET_NAME = My2048Game;
			};
			name = Release;
		};
/* End XCBuildConfiguration section */

/* Begin XCConfigurationList section */
		43898D422B60BAEC0051F98B /* Build configuration list for PBXProject "My2048Game" */ = {
			isa = XCConfigurationList;
			buildConfigurations = (
				43898D6B2B60BAEF0051F98B /* Debug */,
				43898D6C2B60BAEF0051F98B /* Release */,
			);
			defaultConfigurationIsVisible = 0;
			defaultConfigurationName = Release;
		};
		43898D6D2B60BAEF0051F98B /* Build configuration list for PBXNativeTarget "My2048Game" */ = {
			isa = XCConfigurationList;
			buildConfigurations = (
				43898D6E2B60BAEF0051F98B /* Debug */,
				43898D6F2B60BAEF0051F98B /* Release */,
			);
			defaultConfigurationIsVisible = 0;
			defaultConfigurationName = Release;
		};
		43898D702B60BAEF0051F98B /* Build configuration list for PBXNativeTarget "My2048GameTests" */ = {
			isa = XCConfigurationList;
			buildConfigurations = (
				43898D712B60BAEF0051F98B /* Debug */,
				43898D722B60BAEF0051F98B /* Release */,
			);
			defaultConfigurationIsVisible = 0;
			defaultConfigurationName = Release;
		};
		43898D732B60BAEF0051F98B /* Build configuration list for PBXNativeTarget "My2048GameUITests" */ = {
			isa = XCConfigurationList;
			buildConfigurations = (
				43898D742B60BAEF0051F98B /* Debug */,
				43898D752B60BAEF0051F98B /* Release */,
			);
			defaultConfigurationIsVisible = 0;
			defaultConfigurationName = Release;
		};
/* End XCConfigurationList section */
	};
	rootObject = 43898D3F2B60BAEC0051F98B /* Project object */;
}
